// !$*UTF8*$!
{
	archiveVersion = 1;
	classes = {
	};
	objectVersion = 55;
	objects = {

/* Begin PBXBuildFile section */
		602AFA1428735FC9006868C7 /* ServiceLayer.swift in Sources */ = {isa = PBXBuildFile; fileRef = 602AFA1328735FC8006868C7 /* ServiceLayer.swift */; };
		602AFA1628735FD0006868C7 /* NetworkError.swift in Sources */ = {isa = PBXBuildFile; fileRef = 602AFA1528735FD0006868C7 /* NetworkError.swift */; };
		602AFA1828735FDD006868C7 /* RequestModel.swift in Sources */ = {isa = PBXBuildFile; fileRef = 602AFA1728735FDD006868C7 /* RequestModel.swift */; };
		602AFA1B2873602C006868C7 /* Constants.swift in Sources */ = {isa = PBXBuildFile; fileRef = 602AFA1A2873602C006868C7 /* Constants.swift */; };
		602AFA21287364A1006868C7 /* HomeProvider.swift in Sources */ = {isa = PBXBuildFile; fileRef = 602AFA20287364A1006868C7 /* HomeProvider.swift */; };
		602AFA2328736738006868C7 /* HomePresenter.swift in Sources */ = {isa = PBXBuildFile; fileRef = 602AFA2228736738006868C7 /* HomePresenter.swift */; };
		602AFA252873E233006868C7 /* HomeProviderMock.swift in Sources */ = {isa = PBXBuildFile; fileRef = 602AFA242873E233006868C7 /* HomeProviderMock.swift */; };
		602AFA282873E27B006868C7 /* Utils.swift in Sources */ = {isa = PBXBuildFile; fileRef = 602AFA272873E27B006868C7 /* Utils.swift */; };
		602AFA2A2873E366006868C7 /* Channel.json in Resources */ = {isa = PBXBuildFile; fileRef = 602AFA292873E366006868C7 /* Channel.json */; };
		602AFA2C2873E384006868C7 /* Playlist.json in Resources */ = {isa = PBXBuildFile; fileRef = 602AFA2B2873E383006868C7 /* Playlist.json */; };
		602AFA2E2873E396006868C7 /* PlaylistItems.json in Resources */ = {isa = PBXBuildFile; fileRef = 602AFA2D2873E396006868C7 /* PlaylistItems.json */; };
		602AFA302873E3B1006868C7 /* SearchVideos.json in Resources */ = {isa = PBXBuildFile; fileRef = 602AFA2F2873E3B1006868C7 /* SearchVideos.json */; };
		602AFA322873E514006868C7 /* VideoOnlyOne.json in Resources */ = {isa = PBXBuildFile; fileRef = 602AFA312873E514006868C7 /* VideoOnlyOne.json */; };
		602AFA342873FB3F006868C7 /* MockManager.swift in Sources */ = {isa = PBXBuildFile; fileRef = 602AFA332873FB3E006868C7 /* MockManager.swift */; };
		6066778F286E5A700035878E /* AppDelegate.swift in Sources */ = {isa = PBXBuildFile; fileRef = 6066778E286E5A700035878E /* AppDelegate.swift */; };
		60667791286E5A700035878E /* SceneDelegate.swift in Sources */ = {isa = PBXBuildFile; fileRef = 60667790286E5A700035878E /* SceneDelegate.swift */; };
		60667793286E5A700035878E /* ViewController.swift in Sources */ = {isa = PBXBuildFile; fileRef = 60667792286E5A700035878E /* ViewController.swift */; };
		60667796286E5A700035878E /* Main.storyboard in Resources */ = {isa = PBXBuildFile; fileRef = 60667794286E5A700035878E /* Main.storyboard */; };
		60667798286E5A710035878E /* Assets.xcassets in Resources */ = {isa = PBXBuildFile; fileRef = 60667797286E5A710035878E /* Assets.xcassets */; };
		6066779B286E5A710035878E /* LaunchScreen.storyboard in Resources */ = {isa = PBXBuildFile; fileRef = 60667799286E5A710035878E /* LaunchScreen.storyboard */; };
		606677A4286E6AC20035878E /* PlaylistModel.swift in Sources */ = {isa = PBXBuildFile; fileRef = 606677A3286E6AC20035878E /* PlaylistModel.swift */; };
		606677A6286E6F270035878E /* VideoModel.swift in Sources */ = {isa = PBXBuildFile; fileRef = 606677A5286E6F270035878E /* VideoModel.swift */; };
		606677A9286E74810035878E /* PlaylistItemsModel.swift in Sources */ = {isa = PBXBuildFile; fileRef = 606677A7286E74810035878E /* PlaylistItemsModel.swift */; };
		606677AA286E74810035878E /* ChannelModel.swift in Sources */ = {isa = PBXBuildFile; fileRef = 606677A8286E74810035878E /* ChannelModel.swift */; };
		606677AD286E75480035878E /* RootPageViewController.swift in Sources */ = {isa = PBXBuildFile; fileRef = 606677AC286E75480035878E /* RootPageViewController.swift */; };
		606677AF286E755D0035878E /* MainViewController.swift in Sources */ = {isa = PBXBuildFile; fileRef = 606677AE286E755D0035878E /* MainViewController.swift */; };
		606677B7286E76B60035878E /* HomeViewController.swift in Sources */ = {isa = PBXBuildFile; fileRef = 606677B5286E76B60035878E /* HomeViewController.swift */; };
		606677B8286E76B60035878E /* HomeViewController.xib in Resources */ = {isa = PBXBuildFile; fileRef = 606677B6286E76B60035878E /* HomeViewController.xib */; };
		606677BB286E76CC0035878E /* VideosViewController.swift in Sources */ = {isa = PBXBuildFile; fileRef = 606677B9286E76CC0035878E /* VideosViewController.swift */; };
		606677BC286E76CC0035878E /* VideosViewController.xib in Resources */ = {isa = PBXBuildFile; fileRef = 606677BA286E76CC0035878E /* VideosViewController.xib */; };
		606677BF286E76D80035878E /* PlaylistsViewController.swift in Sources */ = {isa = PBXBuildFile; fileRef = 606677BD286E76D80035878E /* PlaylistsViewController.swift */; };
		606677C0286E76D80035878E /* PlaylistsViewController.xib in Resources */ = {isa = PBXBuildFile; fileRef = 606677BE286E76D80035878E /* PlaylistsViewController.xib */; };
		606677C3286E76E60035878E /* ChannelViewController.swift in Sources */ = {isa = PBXBuildFile; fileRef = 606677C1286E76E60035878E /* ChannelViewController.swift */; };
		606677C4286E76E60035878E /* ChannelViewController.xib in Resources */ = {isa = PBXBuildFile; fileRef = 606677C2286E76E60035878E /* ChannelViewController.xib */; };
		606677C7286E76EF0035878E /* AboutViewController.swift in Sources */ = {isa = PBXBuildFile; fileRef = 606677C5286E76EF0035878E /* AboutViewController.swift */; };
		606677C8286E76EF0035878E /* AboutViewController.xib in Resources */ = {isa = PBXBuildFile; fileRef = 606677C6286E76EF0035878E /* AboutViewController.xib */; };
		6093491A2874B9D100BED318 /* VideoCell.swift in Sources */ = {isa = PBXBuildFile; fileRef = 609349182874B9D100BED318 /* VideoCell.swift */; };
		6093491B2874B9D100BED318 /* VideoCell.xib in Resources */ = {isa = PBXBuildFile; fileRef = 609349192874B9D100BED318 /* VideoCell.xib */; };
		6093491E2874B9E600BED318 /* ChannelCell.swift in Sources */ = {isa = PBXBuildFile; fileRef = 6093491C2874B9E600BED318 /* ChannelCell.swift */; };
		6093491F2874B9E600BED318 /* ChannelCell.xib in Resources */ = {isa = PBXBuildFile; fileRef = 6093491D2874B9E600BED318 /* ChannelCell.xib */; };
		609349222874B9F500BED318 /* PlaylistCell.swift in Sources */ = {isa = PBXBuildFile; fileRef = 609349202874B9F500BED318 /* PlaylistCell.swift */; };
		609349232874B9F500BED318 /* PlaylistCell.xib in Resources */ = {isa = PBXBuildFile; fileRef = 609349212874B9F500BED318 /* PlaylistCell.xib */; };
		67DDA2E64D3E33F7A5EA1772 /* Pods_Youtube.framework in Frameworks */ = {isa = PBXBuildFile; fileRef = DCDD09E7C587C5519AFD9DC3 /* Pods_Youtube.framework */; };
/* End PBXBuildFile section */

/* Begin PBXFileReference section */
		602AFA1328735FC8006868C7 /* ServiceLayer.swift */ = {isa = PBXFileReference; fileEncoding = 4; lastKnownFileType = sourcecode.swift; path = ServiceLayer.swift; sourceTree = "<group>"; };
		602AFA1528735FD0006868C7 /* NetworkError.swift */ = {isa = PBXFileReference; fileEncoding = 4; lastKnownFileType = sourcecode.swift; path = NetworkError.swift; sourceTree = "<group>"; };
		602AFA1728735FDD006868C7 /* RequestModel.swift */ = {isa = PBXFileReference; fileEncoding = 4; lastKnownFileType = sourcecode.swift; path = RequestModel.swift; sourceTree = "<group>"; };
		602AFA1A2873602C006868C7 /* Constants.swift */ = {isa = PBXFileReference; lastKnownFileType = sourcecode.swift; path = Constants.swift; sourceTree = "<group>"; };
		602AFA20287364A1006868C7 /* HomeProvider.swift */ = {isa = PBXFileReference; lastKnownFileType = sourcecode.swift; path = HomeProvider.swift; sourceTree = "<group>"; };
		602AFA2228736738006868C7 /* HomePresenter.swift */ = {isa = PBXFileReference; lastKnownFileType = sourcecode.swift; path = HomePresenter.swift; sourceTree = "<group>"; };
		602AFA242873E233006868C7 /* HomeProviderMock.swift */ = {isa = PBXFileReference; lastKnownFileType = sourcecode.swift; path = HomeProviderMock.swift; sourceTree = "<group>"; };
		602AFA272873E27B006868C7 /* Utils.swift */ = {isa = PBXFileReference; lastKnownFileType = sourcecode.swift; path = Utils.swift; sourceTree = "<group>"; };
		602AFA292873E366006868C7 /* Channel.json */ = {isa = PBXFileReference; lastKnownFileType = text.json; path = Channel.json; sourceTree = "<group>"; };
		602AFA2B2873E383006868C7 /* Playlist.json */ = {isa = PBXFileReference; lastKnownFileType = text.json; path = Playlist.json; sourceTree = "<group>"; };
		602AFA2D2873E396006868C7 /* PlaylistItems.json */ = {isa = PBXFileReference; lastKnownFileType = text.json; path = PlaylistItems.json; sourceTree = "<group>"; };
		602AFA2F2873E3B1006868C7 /* SearchVideos.json */ = {isa = PBXFileReference; lastKnownFileType = text.json; path = SearchVideos.json; sourceTree = "<group>"; };
		602AFA312873E514006868C7 /* VideoOnlyOne.json */ = {isa = PBXFileReference; lastKnownFileType = text.json; path = VideoOnlyOne.json; sourceTree = "<group>"; };
		602AFA332873FB3E006868C7 /* MockManager.swift */ = {isa = PBXFileReference; lastKnownFileType = sourcecode.swift; path = MockManager.swift; sourceTree = "<group>"; };
		6066778B286E5A700035878E /* Youtube.app */ = {isa = PBXFileReference; explicitFileType = wrapper.application; includeInIndex = 0; path = Youtube.app; sourceTree = BUILT_PRODUCTS_DIR; };
		6066778E286E5A700035878E /* AppDelegate.swift */ = {isa = PBXFileReference; lastKnownFileType = sourcecode.swift; path = AppDelegate.swift; sourceTree = "<group>"; };
		60667790286E5A700035878E /* SceneDelegate.swift */ = {isa = PBXFileReference; lastKnownFileType = sourcecode.swift; path = SceneDelegate.swift; sourceTree = "<group>"; };
		60667792286E5A700035878E /* ViewController.swift */ = {isa = PBXFileReference; lastKnownFileType = sourcecode.swift; path = ViewController.swift; sourceTree = "<group>"; };
		60667795286E5A700035878E /* Base */ = {isa = PBXFileReference; lastKnownFileType = file.storyboard; name = Base; path = Base.lproj/Main.storyboard; sourceTree = "<group>"; };
		60667797286E5A710035878E /* Assets.xcassets */ = {isa = PBXFileReference; lastKnownFileType = folder.assetcatalog; path = Assets.xcassets; sourceTree = "<group>"; };
		6066779A286E5A710035878E /* Base */ = {isa = PBXFileReference; lastKnownFileType = file.storyboard; name = Base; path = Base.lproj/LaunchScreen.storyboard; sourceTree = "<group>"; };
		6066779C286E5A710035878E /* Info.plist */ = {isa = PBXFileReference; lastKnownFileType = text.plist.xml; path = Info.plist; sourceTree = "<group>"; };
		606677A3286E6AC20035878E /* PlaylistModel.swift */ = {isa = PBXFileReference; lastKnownFileType = sourcecode.swift; path = PlaylistModel.swift; sourceTree = "<group>"; };
		606677A5286E6F270035878E /* VideoModel.swift */ = {isa = PBXFileReference; lastKnownFileType = sourcecode.swift; path = VideoModel.swift; sourceTree = "<group>"; };
		606677A7286E74810035878E /* PlaylistItemsModel.swift */ = {isa = PBXFileReference; fileEncoding = 4; lastKnownFileType = sourcecode.swift; path = PlaylistItemsModel.swift; sourceTree = "<group>"; };
		606677A8286E74810035878E /* ChannelModel.swift */ = {isa = PBXFileReference; fileEncoding = 4; lastKnownFileType = sourcecode.swift; path = ChannelModel.swift; sourceTree = "<group>"; };
		606677AC286E75480035878E /* RootPageViewController.swift */ = {isa = PBXFileReference; lastKnownFileType = sourcecode.swift; path = RootPageViewController.swift; sourceTree = "<group>"; };
		606677AE286E755D0035878E /* MainViewController.swift */ = {isa = PBXFileReference; lastKnownFileType = sourcecode.swift; path = MainViewController.swift; sourceTree = "<group>"; };
		606677B5286E76B60035878E /* HomeViewController.swift */ = {isa = PBXFileReference; lastKnownFileType = sourcecode.swift; path = HomeViewController.swift; sourceTree = "<group>"; };
		606677B6286E76B60035878E /* HomeViewController.xib */ = {isa = PBXFileReference; lastKnownFileType = file.xib; path = HomeViewController.xib; sourceTree = "<group>"; };
		606677B9286E76CC0035878E /* VideosViewController.swift */ = {isa = PBXFileReference; lastKnownFileType = sourcecode.swift; path = VideosViewController.swift; sourceTree = "<group>"; };
		606677BA286E76CC0035878E /* VideosViewController.xib */ = {isa = PBXFileReference; lastKnownFileType = file.xib; path = VideosViewController.xib; sourceTree = "<group>"; };
		606677BD286E76D80035878E /* PlaylistsViewController.swift */ = {isa = PBXFileReference; lastKnownFileType = sourcecode.swift; path = PlaylistsViewController.swift; sourceTree = "<group>"; };
		606677BE286E76D80035878E /* PlaylistsViewController.xib */ = {isa = PBXFileReference; lastKnownFileType = file.xib; path = PlaylistsViewController.xib; sourceTree = "<group>"; };
		606677C1286E76E60035878E /* ChannelViewController.swift */ = {isa = PBXFileReference; lastKnownFileType = sourcecode.swift; path = ChannelViewController.swift; sourceTree = "<group>"; };
		606677C2286E76E60035878E /* ChannelViewController.xib */ = {isa = PBXFileReference; lastKnownFileType = file.xib; path = ChannelViewController.xib; sourceTree = "<group>"; };
		606677C5286E76EF0035878E /* AboutViewController.swift */ = {isa = PBXFileReference; lastKnownFileType = sourcecode.swift; path = AboutViewController.swift; sourceTree = "<group>"; };
		606677C6286E76EF0035878E /* AboutViewController.xib */ = {isa = PBXFileReference; lastKnownFileType = file.xib; path = AboutViewController.xib; sourceTree = "<group>"; };
		609349182874B9D100BED318 /* VideoCell.swift */ = {isa = PBXFileReference; lastKnownFileType = sourcecode.swift; path = VideoCell.swift; sourceTree = "<group>"; };
		609349192874B9D100BED318 /* VideoCell.xib */ = {isa = PBXFileReference; lastKnownFileType = file.xib; path = VideoCell.xib; sourceTree = "<group>"; };
		6093491C2874B9E600BED318 /* ChannelCell.swift */ = {isa = PBXFileReference; lastKnownFileType = sourcecode.swift; path = ChannelCell.swift; sourceTree = "<group>"; };
		6093491D2874B9E600BED318 /* ChannelCell.xib */ = {isa = PBXFileReference; lastKnownFileType = file.xib; path = ChannelCell.xib; sourceTree = "<group>"; };
		609349202874B9F500BED318 /* PlaylistCell.swift */ = {isa = PBXFileReference; lastKnownFileType = sourcecode.swift; path = PlaylistCell.swift; sourceTree = "<group>"; };
		609349212874B9F500BED318 /* PlaylistCell.xib */ = {isa = PBXFileReference; lastKnownFileType = file.xib; path = PlaylistCell.xib; sourceTree = "<group>"; };
		6BE4326B8CC1C899583098BB /* Pods-Youtube.release.xcconfig */ = {isa = PBXFileReference; includeInIndex = 1; lastKnownFileType = text.xcconfig; name = "Pods-Youtube.release.xcconfig"; path = "Target Support Files/Pods-Youtube/Pods-Youtube.release.xcconfig"; sourceTree = "<group>"; };
		DCDD09E7C587C5519AFD9DC3 /* Pods_Youtube.framework */ = {isa = PBXFileReference; explicitFileType = wrapper.framework; includeInIndex = 0; path = Pods_Youtube.framework; sourceTree = BUILT_PRODUCTS_DIR; };
		EAC484EA93FE78E7776EDF88 /* Pods-Youtube.debug.xcconfig */ = {isa = PBXFileReference; includeInIndex = 1; lastKnownFileType = text.xcconfig; name = "Pods-Youtube.debug.xcconfig"; path = "Target Support Files/Pods-Youtube/Pods-Youtube.debug.xcconfig"; sourceTree = "<group>"; };
/* End PBXFileReference section */

/* Begin PBXFrameworksBuildPhase section */
		60667788286E5A700035878E /* Frameworks */ = {
			isa = PBXFrameworksBuildPhase;
			buildActionMask = 2147483647;
			files = (
				67DDA2E64D3E33F7A5EA1772 /* Pods_Youtube.framework in Frameworks */,
			);
			runOnlyForDeploymentPostprocessing = 0;
		};
/* End PBXFrameworksBuildPhase section */

/* Begin PBXGroup section */
		5B330908DFC401B9CC310DB2 /* Frameworks */ = {
			isa = PBXGroup;
			children = (
				DCDD09E7C587C5519AFD9DC3 /* Pods_Youtube.framework */,
			);
			name = Frameworks;
			sourceTree = "<group>";
		};
		602AFA1228735F64006868C7 /* ServiceLayer */ = {
			isa = PBXGroup;
			children = (
				602AFA1728735FDD006868C7 /* RequestModel.swift */,
				602AFA1528735FD0006868C7 /* NetworkError.swift */,
				602AFA1328735FC8006868C7 /* ServiceLayer.swift */,
			);
			path = ServiceLayer;
			sourceTree = "<group>";
		};
		602AFA1928736020006868C7 /* Utils */ = {
			isa = PBXGroup;
			children = (
				602AFA262873E26C006868C7 /* Mock */,
				602AFA1A2873602C006868C7 /* Constants.swift */,
				602AFA272873E27B006868C7 /* Utils.swift */,
				602AFA332873FB3E006868C7 /* MockManager.swift */,
			);
			path = Utils;
			sourceTree = "<group>";
		};
		602AFA1C2873645F006868C7 /* Model */ = {
			isa = PBXGroup;
			children = (
				602AFA1F28736481006868C7 /* Provider */,
			);
			path = Model;
			sourceTree = "<group>";
		};
		602AFA1D28736466006868C7 /* View */ = {
			isa = PBXGroup;
			children = (
				609349132874B99500BED318 /* CustomsCells */,
				606677B5286E76B60035878E /* HomeViewController.swift */,
				606677B6286E76B60035878E /* HomeViewController.xib */,
			);
			path = View;
			sourceTree = "<group>";
		};
		602AFA1E28736470006868C7 /* Presenter */ = {
			isa = PBXGroup;
			children = (
				602AFA2228736738006868C7 /* HomePresenter.swift */,
			);
			path = Presenter;
			sourceTree = "<group>";
		};
		602AFA1F28736481006868C7 /* Provider */ = {
			isa = PBXGroup;
			children = (
				602AFA20287364A1006868C7 /* HomeProvider.swift */,
				602AFA242873E233006868C7 /* HomeProviderMock.swift */,
			);
			path = Provider;
			sourceTree = "<group>";
		};
		602AFA262873E26C006868C7 /* Mock */ = {
			isa = PBXGroup;
			children = (
				602AFA292873E366006868C7 /* Channel.json */,
				602AFA2B2873E383006868C7 /* Playlist.json */,
				602AFA2D2873E396006868C7 /* PlaylistItems.json */,
				602AFA2F2873E3B1006868C7 /* SearchVideos.json */,
				602AFA312873E514006868C7 /* VideoOnlyOne.json */,
			);
			path = Mock;
			sourceTree = "<group>";
		};
		60667782286E5A700035878E = {
			isa = PBXGroup;
			children = (
				6066778D286E5A700035878E /* Youtube */,
				6066778C286E5A700035878E /* Products */,
				AD7F27AA35D723F98BAFE537 /* Pods */,
				5B330908DFC401B9CC310DB2 /* Frameworks */,
			);
			sourceTree = "<group>";
		};
		6066778C286E5A700035878E /* Products */ = {
			isa = PBXGroup;
			children = (
				6066778B286E5A700035878E /* Youtube.app */,
			);
			name = Products;
			sourceTree = "<group>";
		};
		6066778D286E5A700035878E /* Youtube */ = {
			isa = PBXGroup;
			children = (
				602AFA1928736020006868C7 /* Utils */,
				602AFA1228735F64006868C7 /* ServiceLayer */,
				606677B4286E76980035878E /* About */,
				606677B3286E76900035878E /* Channels */,
				606677B2286E76870035878E /* Playlists */,
				606677B1286E767F0035878E /* Videos */,
				606677B0286E766D0035878E /* Home */,
				606677AB286E75120035878E /* Main */,
				606677A2286E6AA20035878E /* Model */,
				6066778E286E5A700035878E /* AppDelegate.swift */,
				60667790286E5A700035878E /* SceneDelegate.swift */,
				60667792286E5A700035878E /* ViewController.swift */,
				60667794286E5A700035878E /* Main.storyboard */,
				60667797286E5A710035878E /* Assets.xcassets */,
				60667799286E5A710035878E /* LaunchScreen.storyboard */,
				6066779C286E5A710035878E /* Info.plist */,
			);
			path = Youtube;
			sourceTree = "<group>";
		};
		606677A2286E6AA20035878E /* Model */ = {
			isa = PBXGroup;
			children = (
				606677A8286E74810035878E /* ChannelModel.swift */,
				606677A7286E74810035878E /* PlaylistItemsModel.swift */,
				606677A3286E6AC20035878E /* PlaylistModel.swift */,
				606677A5286E6F270035878E /* VideoModel.swift */,
			);
			path = Model;
			sourceTree = "<group>";
		};
		606677AB286E75120035878E /* Main */ = {
			isa = PBXGroup;
			children = (
				606677AC286E75480035878E /* RootPageViewController.swift */,
				606677AE286E755D0035878E /* MainViewController.swift */,
			);
			path = Main;
			sourceTree = "<group>";
		};
		606677B0286E766D0035878E /* Home */ = {
			isa = PBXGroup;
			children = (
				602AFA1E28736470006868C7 /* Presenter */,
				602AFA1D28736466006868C7 /* View */,
				602AFA1C2873645F006868C7 /* Model */,
			);
			path = Home;
			sourceTree = "<group>";
		};
		606677B1286E767F0035878E /* Videos */ = {
			isa = PBXGroup;
			children = (
				606677B9286E76CC0035878E /* VideosViewController.swift */,
				606677BA286E76CC0035878E /* VideosViewController.xib */,
			);
			path = Videos;
			sourceTree = "<group>";
		};
		606677B2286E76870035878E /* Playlists */ = {
			isa = PBXGroup;
			children = (
				606677BD286E76D80035878E /* PlaylistsViewController.swift */,
				606677BE286E76D80035878E /* PlaylistsViewController.xib */,
			);
			path = Playlists;
			sourceTree = "<group>";
		};
		606677B3286E76900035878E /* Channels */ = {
			isa = PBXGroup;
			children = (
				606677C1286E76E60035878E /* ChannelViewController.swift */,
				606677C2286E76E60035878E /* ChannelViewController.xib */,
			);
			path = Channels;
			sourceTree = "<group>";
		};
		606677B4286E76980035878E /* About */ = {
			isa = PBXGroup;
			children = (
				606677C5286E76EF0035878E /* AboutViewController.swift */,
				606677C6286E76EF0035878E /* AboutViewController.xib */,
			);
			path = About;
			sourceTree = "<group>";
		};
		609349132874B99500BED318 /* CustomsCells */ = {
			isa = PBXGroup;
			children = (
				609349182874B9D100BED318 /* VideoCell.swift */,
				609349192874B9D100BED318 /* VideoCell.xib */,
				6093491C2874B9E600BED318 /* ChannelCell.swift */,
				6093491D2874B9E600BED318 /* ChannelCell.xib */,
				609349202874B9F500BED318 /* PlaylistCell.swift */,
				609349212874B9F500BED318 /* PlaylistCell.xib */,
			);
			path = CustomsCells;
			sourceTree = "<group>";
		};
		AD7F27AA35D723F98BAFE537 /* Pods */ = {
			isa = PBXGroup;
			children = (
				EAC484EA93FE78E7776EDF88 /* Pods-Youtube.debug.xcconfig */,
				6BE4326B8CC1C899583098BB /* Pods-Youtube.release.xcconfig */,
			);
			name = Pods;
			path = Pods;
			sourceTree = "<group>";
		};
/* End PBXGroup section */

/* Begin PBXNativeTarget section */
		6066778A286E5A700035878E /* Youtube */ = {
			isa = PBXNativeTarget;
			buildConfigurationList = 6066779F286E5A710035878E /* Build configuration list for PBXNativeTarget "Youtube" */;
			buildPhases = (
				379C002FA16B4F1E27E2398F /* [CP] Check Pods Manifest.lock */,
				60667787286E5A700035878E /* Sources */,
				60667788286E5A700035878E /* Frameworks */,
				60667789286E5A700035878E /* Resources */,
				5F7D73D7142DA08620482AFB /* [CP] Embed Pods Frameworks */,
			);
			buildRules = (
			);
			dependencies = (
			);
			name = Youtube;
			productName = Youtube;
			productReference = 6066778B286E5A700035878E /* Youtube.app */;
			productType = "com.apple.product-type.application";
		};
/* End PBXNativeTarget section */

/* Begin PBXProject section */
		60667783286E5A700035878E /* Project object */ = {
			isa = PBXProject;
			attributes = {
				BuildIndependentTargetsInParallel = 1;
				LastSwiftUpdateCheck = 1340;
				LastUpgradeCheck = 1340;
				TargetAttributes = {
					6066778A286E5A700035878E = {
						CreatedOnToolsVersion = 13.4.1;
					};
				};
			};
			buildConfigurationList = 60667786286E5A700035878E /* Build configuration list for PBXProject "Youtube" */;
			compatibilityVersion = "Xcode 13.0";
			developmentRegion = en;
			hasScannedForEncodings = 0;
			knownRegions = (
				en,
				Base,
			);
			mainGroup = 60667782286E5A700035878E;
			productRefGroup = 6066778C286E5A700035878E /* Products */;
			projectDirPath = "";
			projectRoot = "";
			targets = (
				6066778A286E5A700035878E /* Youtube */,
			);
		};
/* End PBXProject section */

/* Begin PBXResourcesBuildPhase section */
		60667789286E5A700035878E /* Resources */ = {
			isa = PBXResourcesBuildPhase;
			buildActionMask = 2147483647;
			files = (
				6093491B2874B9D100BED318 /* VideoCell.xib in Resources */,
				606677C0286E76D80035878E /* PlaylistsViewController.xib in Resources */,
				602AFA302873E3B1006868C7 /* SearchVideos.json in Resources */,
				609349232874B9F500BED318 /* PlaylistCell.xib in Resources */,
				602AFA2A2873E366006868C7 /* Channel.json in Resources */,
				6066779B286E5A710035878E /* LaunchScreen.storyboard in Resources */,
				602AFA2E2873E396006868C7 /* PlaylistItems.json in Resources */,
				606677C8286E76EF0035878E /* AboutViewController.xib in Resources */,
				602AFA322873E514006868C7 /* VideoOnlyOne.json in Resources */,
				60667798286E5A710035878E /* Assets.xcassets in Resources */,
				606677BC286E76CC0035878E /* VideosViewController.xib in Resources */,
				60667796286E5A700035878E /* Main.storyboard in Resources */,
				602AFA2C2873E384006868C7 /* Playlist.json in Resources */,
				606677B8286E76B60035878E /* HomeViewController.xib in Resources */,
				606677C4286E76E60035878E /* ChannelViewController.xib in Resources */,
				6093491F2874B9E600BED318 /* ChannelCell.xib in Resources */,
			);
			runOnlyForDeploymentPostprocessing = 0;
		};
/* End PBXResourcesBuildPhase section */

/* Begin PBXShellScriptBuildPhase section */
		379C002FA16B4F1E27E2398F /* [CP] Check Pods Manifest.lock */ = {
			isa = PBXShellScriptBuildPhase;
			buildActionMask = 2147483647;
			files = (
			);
			inputFileListPaths = (
			);
			inputPaths = (
				"${PODS_PODFILE_DIR_PATH}/Podfile.lock",
				"${PODS_ROOT}/Manifest.lock",
			);
			name = "[CP] Check Pods Manifest.lock";
			outputFileListPaths = (
			);
			outputPaths = (
				"$(DERIVED_FILE_DIR)/Pods-Youtube-checkManifestLockResult.txt",
			);
			runOnlyForDeploymentPostprocessing = 0;
			shellPath = /bin/sh;
			shellScript = "diff \"${PODS_PODFILE_DIR_PATH}/Podfile.lock\" \"${PODS_ROOT}/Manifest.lock\" > /dev/null\nif [ $? != 0 ] ; then\n    # print error to STDERR\n    echo \"error: The sandbox is not in sync with the Podfile.lock. Run 'pod install' or update your CocoaPods installation.\" >&2\n    exit 1\nfi\n# This output is used by Xcode 'outputs' to avoid re-running this script phase.\necho \"SUCCESS\" > \"${SCRIPT_OUTPUT_FILE_0}\"\n";
			showEnvVarsInLog = 0;
		};
		5F7D73D7142DA08620482AFB /* [CP] Embed Pods Frameworks */ = {
			isa = PBXShellScriptBuildPhase;
			buildActionMask = 2147483647;
			files = (
			);
			inputFileListPaths = (
				"${PODS_ROOT}/Target Support Files/Pods-Youtube/Pods-Youtube-frameworks-${CONFIGURATION}-input-files.xcfilelist",
			);
			name = "[CP] Embed Pods Frameworks";
			outputFileListPaths = (
				"${PODS_ROOT}/Target Support Files/Pods-Youtube/Pods-Youtube-frameworks-${CONFIGURATION}-output-files.xcfilelist",
			);
			runOnlyForDeploymentPostprocessing = 0;
			shellPath = /bin/sh;
			shellScript = "\"${PODS_ROOT}/Target Support Files/Pods-Youtube/Pods-Youtube-frameworks.sh\"\n";
			showEnvVarsInLog = 0;
		};
/* End PBXShellScriptBuildPhase section */

/* Begin PBXSourcesBuildPhase section */
		60667787286E5A700035878E /* Sources */ = {
			isa = PBXSourcesBuildPhase;
			buildActionMask = 2147483647;
			files = (
				606677A9286E74810035878E /* PlaylistItemsModel.swift in Sources */,
				602AFA1628735FD0006868C7 /* NetworkError.swift in Sources */,
				60667793286E5A700035878E /* ViewController.swift in Sources */,
				602AFA2328736738006868C7 /* HomePresenter.swift in Sources */,
				606677BB286E76CC0035878E /* VideosViewController.swift in Sources */,
				6093491A2874B9D100BED318 /* VideoCell.swift in Sources */,
				606677A4286E6AC20035878E /* PlaylistModel.swift in Sources */,
				602AFA252873E233006868C7 /* HomeProviderMock.swift in Sources */,
				602AFA282873E27B006868C7 /* Utils.swift in Sources */,
				606677BF286E76D80035878E /* PlaylistsViewController.swift in Sources */,
				602AFA1828735FDD006868C7 /* RequestModel.swift in Sources */,
				609349222874B9F500BED318 /* PlaylistCell.swift in Sources */,
				606677C3286E76E60035878E /* ChannelViewController.swift in Sources */,
				602AFA342873FB3F006868C7 /* MockManager.swift in Sources */,
				6066778F286E5A700035878E /* AppDelegate.swift in Sources */,
				606677A6286E6F270035878E /* VideoModel.swift in Sources */,
				606677B7286E76B60035878E /* HomeViewController.swift in Sources */,
				602AFA21287364A1006868C7 /* HomeProvider.swift in Sources */,
				60667791286E5A700035878E /* SceneDelegate.swift in Sources */,
				602AFA1428735FC9006868C7 /* ServiceLayer.swift in Sources */,
				6093491E2874B9E600BED318 /* ChannelCell.swift in Sources */,
				606677C7286E76EF0035878E /* AboutViewController.swift in Sources */,
				606677AF286E755D0035878E /* MainViewController.swift in Sources */,
				606677AA286E74810035878E /* ChannelModel.swift in Sources */,
				606677AD286E75480035878E /* RootPageViewController.swift in Sources */,
				602AFA1B2873602C006868C7 /* Constants.swift in Sources */,
			);
			runOnlyForDeploymentPostprocessing = 0;
		};
/* End PBXSourcesBuildPhase section */

/* Begin PBXVariantGroup section */
		60667794286E5A700035878E /* Main.storyboard */ = {
			isa = PBXVariantGroup;
			children = (
				60667795286E5A700035878E /* Base */,
			);
			name = Main.storyboard;
			sourceTree = "<group>";
		};
		60667799286E5A710035878E /* LaunchScreen.storyboard */ = {
			isa = PBXVariantGroup;
			children = (
				6066779A286E5A710035878E /* Base */,
			);
			name = LaunchScreen.storyboard;
			sourceTree = "<group>";
		};
/* End PBXVariantGroup section */

/* Begin XCBuildConfiguration section */
		6066779D286E5A710035878E /* Debug */ = {
			isa = XCBuildConfiguration;
			buildSettings = {
				ALWAYS_SEARCH_USER_PATHS = NO;
				CLANG_ANALYZER_NONNULL = YES;
				CLANG_ANALYZER_NUMBER_OBJECT_CONVERSION = YES_AGGRESSIVE;
				CLANG_CXX_LANGUAGE_STANDARD = "gnu++17";
				CLANG_ENABLE_MODULES = YES;
				CLANG_ENABLE_OBJC_ARC = YES;
				CLANG_ENABLE_OBJC_WEAK = YES;
				CLANG_WARN_BLOCK_CAPTURE_AUTORELEASING = YES;
				CLANG_WARN_BOOL_CONVERSION = YES;
				CLANG_WARN_COMMA = YES;
				CLANG_WARN_CONSTANT_CONVERSION = YES;
				CLANG_WARN_DEPRECATED_OBJC_IMPLEMENTATIONS = YES;
				CLANG_WARN_DIRECT_OBJC_ISA_USAGE = YES_ERROR;
				CLANG_WARN_DOCUMENTATION_COMMENTS = YES;
				CLANG_WARN_EMPTY_BODY = YES;
				CLANG_WARN_ENUM_CONVERSION = YES;
				CLANG_WARN_INFINITE_RECURSION = YES;
				CLANG_WARN_INT_CONVERSION = YES;
				CLANG_WARN_NON_LITERAL_NULL_CONVERSION = YES;
				CLANG_WARN_OBJC_IMPLICIT_RETAIN_SELF = YES;
				CLANG_WARN_OBJC_LITERAL_CONVERSION = YES;
				CLANG_WARN_OBJC_ROOT_CLASS = YES_ERROR;
				CLANG_WARN_QUOTED_INCLUDE_IN_FRAMEWORK_HEADER = YES;
				CLANG_WARN_RANGE_LOOP_ANALYSIS = YES;
				CLANG_WARN_STRICT_PROTOTYPES = YES;
				CLANG_WARN_SUSPICIOUS_MOVE = YES;
				CLANG_WARN_UNGUARDED_AVAILABILITY = YES_AGGRESSIVE;
				CLANG_WARN_UNREACHABLE_CODE = YES;
				CLANG_WARN__DUPLICATE_METHOD_MATCH = YES;
				COPY_PHASE_STRIP = NO;
				DEBUG_INFORMATION_FORMAT = dwarf;
				ENABLE_STRICT_OBJC_MSGSEND = YES;
				ENABLE_TESTABILITY = YES;
				GCC_C_LANGUAGE_STANDARD = gnu11;
				GCC_DYNAMIC_NO_PIC = NO;
				GCC_NO_COMMON_BLOCKS = YES;
				GCC_OPTIMIZATION_LEVEL = 0;
				GCC_PREPROCESSOR_DEFINITIONS = (
					"DEBUG=1",
					"$(inherited)",
				);
				GCC_WARN_64_TO_32_BIT_CONVERSION = YES;
				GCC_WARN_ABOUT_RETURN_TYPE = YES_ERROR;
				GCC_WARN_UNDECLARED_SELECTOR = YES;
				GCC_WARN_UNINITIALIZED_AUTOS = YES_AGGRESSIVE;
				GCC_WARN_UNUSED_FUNCTION = YES;
				GCC_WARN_UNUSED_VARIABLE = YES;
				IPHONEOS_DEPLOYMENT_TARGET = 15.5;
				MTL_ENABLE_DEBUG_INFO = INCLUDE_SOURCE;
				MTL_FAST_MATH = YES;
				ONLY_ACTIVE_ARCH = YES;
				SDKROOT = iphoneos;
				SWIFT_ACTIVE_COMPILATION_CONDITIONS = DEBUG;
				SWIFT_OPTIMIZATION_LEVEL = "-Onone";
			};
			name = Debug;
		};
		6066779E286E5A710035878E /* Release */ = {
			isa = XCBuildConfiguration;
			buildSettings = {
				ALWAYS_SEARCH_USER_PATHS = NO;
				CLANG_ANALYZER_NONNULL = YES;
				CLANG_ANALYZER_NUMBER_OBJECT_CONVERSION = YES_AGGRESSIVE;
				CLANG_CXX_LANGUAGE_STANDARD = "gnu++17";
				CLANG_ENABLE_MODULES = YES;
				CLANG_ENABLE_OBJC_ARC = YES;
				CLANG_ENABLE_OBJC_WEAK = YES;
				CLANG_WARN_BLOCK_CAPTURE_AUTORELEASING = YES;
				CLANG_WARN_BOOL_CONVERSION = YES;
				CLANG_WARN_COMMA = YES;
				CLANG_WARN_CONSTANT_CONVERSION = YES;
				CLANG_WARN_DEPRECATED_OBJC_IMPLEMENTATIONS = YES;
				CLANG_WARN_DIRECT_OBJC_ISA_USAGE = YES_ERROR;
				CLANG_WARN_DOCUMENTATION_COMMENTS = YES;
				CLANG_WARN_EMPTY_BODY = YES;
				CLANG_WARN_ENUM_CONVERSION = YES;
				CLANG_WARN_INFINITE_RECURSION = YES;
				CLANG_WARN_INT_CONVERSION = YES;
				CLANG_WARN_NON_LITERAL_NULL_CONVERSION = YES;
				CLANG_WARN_OBJC_IMPLICIT_RETAIN_SELF = YES;
				CLANG_WARN_OBJC_LITERAL_CONVERSION = YES;
				CLANG_WARN_OBJC_ROOT_CLASS = YES_ERROR;
				CLANG_WARN_QUOTED_INCLUDE_IN_FRAMEWORK_HEADER = YES;
				CLANG_WARN_RANGE_LOOP_ANALYSIS = YES;
				CLANG_WARN_STRICT_PROTOTYPES = YES;
				CLANG_WARN_SUSPICIOUS_MOVE = YES;
				CLANG_WARN_UNGUARDED_AVAILABILITY = YES_AGGRESSIVE;
				CLANG_WARN_UNREACHABLE_CODE = YES;
				CLANG_WARN__DUPLICATE_METHOD_MATCH = YES;
				COPY_PHASE_STRIP = NO;
				DEBUG_INFORMATION_FORMAT = "dwarf-with-dsym";
				ENABLE_NS_ASSERTIONS = NO;
				ENABLE_STRICT_OBJC_MSGSEND = YES;
				GCC_C_LANGUAGE_STANDARD = gnu11;
				GCC_NO_COMMON_BLOCKS = YES;
				GCC_WARN_64_TO_32_BIT_CONVERSION = YES;
				GCC_WARN_ABOUT_RETURN_TYPE = YES_ERROR;
				GCC_WARN_UNDECLARED_SELECTOR = YES;
				GCC_WARN_UNINITIALIZED_AUTOS = YES_AGGRESSIVE;
				GCC_WARN_UNUSED_FUNCTION = YES;
				GCC_WARN_UNUSED_VARIABLE = YES;
				IPHONEOS_DEPLOYMENT_TARGET = 15.5;
				MTL_ENABLE_DEBUG_INFO = NO;
				MTL_FAST_MATH = YES;
				SDKROOT = iphoneos;
				SWIFT_COMPILATION_MODE = wholemodule;
				SWIFT_OPTIMIZATION_LEVEL = "-O";
				VALIDATE_PRODUCT = YES;
			};
			name = Release;
		};
		606677A0286E5A710035878E /* Debug */ = {
			isa = XCBuildConfiguration;
			baseConfigurationReference = EAC484EA93FE78E7776EDF88 /* Pods-Youtube.debug.xcconfig */;
			buildSettings = {
				ASSETCATALOG_COMPILER_APPICON_NAME = AppIcon;
				ASSETCATALOG_COMPILER_GLOBAL_ACCENT_COLOR_NAME = AccentColor;
				CODE_SIGN_STYLE = Automatic;
				CURRENT_PROJECT_VERSION = 1;
				DEVELOPMENT_TEAM = 7VL5533SK6;
				GENERATE_INFOPLIST_FILE = YES;
				INFOPLIST_FILE = Youtube/Info.plist;
				INFOPLIST_KEY_UIApplicationSupportsIndirectInputEvents = YES;
				INFOPLIST_KEY_UILaunchStoryboardName = LaunchScreen;
				INFOPLIST_KEY_UIMainStoryboardFile = Main;
				INFOPLIST_KEY_UISupportedInterfaceOrientations_iPad = "UIInterfaceOrientationPortrait UIInterfaceOrientationPortraitUpsideDown UIInterfaceOrientationLandscapeLeft UIInterfaceOrientationLandscapeRight";
				INFOPLIST_KEY_UISupportedInterfaceOrientations_iPhone = "UIInterfaceOrientationPortrait UIInterfaceOrientationLandscapeLeft UIInterfaceOrientationLandscapeRight";
				IPHONEOS_DEPLOYMENT_TARGET = 15.2;
				LD_RUNPATH_SEARCH_PATHS = (
					"$(inherited)",
					"@executable_path/Frameworks",
				);
				MARKETING_VERSION = 1.0;
				PRODUCT_BUNDLE_IDENTIFIER = net.garagecoders.Youtube;
				PRODUCT_NAME = "$(TARGET_NAME)";
				SWIFT_EMIT_LOC_STRINGS = YES;
				SWIFT_VERSION = 5.0;
				TARGETED_DEVICE_FAMILY = "1,2";
			};
			name = Debug;
		};
		606677A1286E5A710035878E /* Release */ = {
			isa = XCBuildConfiguration;
			baseConfigurationReference = 6BE4326B8CC1C899583098BB /* Pods-Youtube.release.xcconfig */;
			buildSettings = {
				ASSETCATALOG_COMPILER_APPICON_NAME = AppIcon;
				ASSETCATALOG_COMPILER_GLOBAL_ACCENT_COLOR_NAME = AccentColor;
				CODE_SIGN_STYLE = Automatic;
				CURRENT_PROJECT_VERSION = 1;
				DEVELOPMENT_TEAM = 7VL5533SK6;
				GENERATE_INFOPLIST_FILE = YES;
				INFOPLIST_FILE = Youtube/Info.plist;
				INFOPLIST_KEY_UIApplicationSupportsIndirectInputEvents = YES;
				INFOPLIST_KEY_UILaunchStoryboardName = LaunchScreen;
				INFOPLIST_KEY_UIMainStoryboardFile = Main;
				INFOPLIST_KEY_UISupportedInterfaceOrientations_iPad = "UIInterfaceOrientationPortrait UIInterfaceOrientationPortraitUpsideDown UIInterfaceOrientationLandscapeLeft UIInterfaceOrientationLandscapeRight";
				INFOPLIST_KEY_UISupportedInterfaceOrientations_iPhone = "UIInterfaceOrientationPortrait UIInterfaceOrientationLandscapeLeft UIInterfaceOrientationLandscapeRight";
				IPHONEOS_DEPLOYMENT_TARGET = 15.2;
				LD_RUNPATH_SEARCH_PATHS = (
					"$(inherited)",
					"@executable_path/Frameworks",
				);
				MARKETING_VERSION = 1.0;
				PRODUCT_BUNDLE_IDENTIFIER = net.garagecoders.Youtube;
				PRODUCT_NAME = "$(TARGET_NAME)";
				SWIFT_EMIT_LOC_STRINGS = YES;
				SWIFT_VERSION = 5.0;
				TARGETED_DEVICE_FAMILY = "1,2";
			};
			name = Release;
		};
/* End XCBuildConfiguration section */

/* Begin XCConfigurationList section */
		60667786286E5A700035878E /* Build configuration list for PBXProject "Youtube" */ = {
			isa = XCConfigurationList;
			buildConfigurations = (
				6066779D286E5A710035878E /* Debug */,
				6066779E286E5A710035878E /* Release */,
			);
			defaultConfigurationIsVisible = 0;
			defaultConfigurationName = Release;
		};
		6066779F286E5A710035878E /* Build configuration list for PBXNativeTarget "Youtube" */ = {
			isa = XCConfigurationList;
			buildConfigurations = (
				606677A0286E5A710035878E /* Debug */,
				606677A1286E5A710035878E /* Release */,
			);
			defaultConfigurationIsVisible = 0;
			defaultConfigurationName = Release;
		};
/* End XCConfigurationList section */
	};
	rootObject = 60667783286E5A700035878E /* Project object */;
}
