// !$*UTF8*$!
{
	archiveVersion = 1;
	classes = {
	};
	objectVersion = 55;
	objects = {

/* Begin PBXBuildFile section */
		6066778F286E5A700035878E /* AppDelegate.swift in Sources */ = {isa = PBXBuildFile; fileRef = 6066778E286E5A700035878E /* AppDelegate.swift */; };
		60667791286E5A700035878E /* SceneDelegate.swift in Sources */ = {isa = PBXBuildFile; fileRef = 60667790286E5A700035878E /* SceneDelegate.swift */; };
		60667793286E5A700035878E /* ViewController.swift in Sources */ = {isa = PBXBuildFile; fileRef = 60667792286E5A700035878E /* ViewController.swift */; };
		60667796286E5A700035878E /* Main.storyboard in Resources */ = {isa = PBXBuildFile; fileRef = 60667794286E5A700035878E /* Main.storyboard */; };
		60667798286E5A710035878E /* Assets.xcassets in Resources */ = {isa = PBXBuildFile; fileRef = 60667797286E5A710035878E /* Assets.xcassets */; };
		6066779B286E5A710035878E /* LaunchScreen.storyboard in Resources */ = {isa = PBXBuildFile; fileRef = 60667799286E5A710035878E /* LaunchScreen.storyboard */; };
		606677A4286E6AC20035878E /* PlaylistModel.swift in Sources */ = {isa = PBXBuildFile; fileRef = 606677A3286E6AC20035878E /* PlaylistModel.swift */; };
		606677A6286E6F270035878E /* VideoModel.swift in Sources */ = {isa = PBXBuildFile; fileRef = 606677A5286E6F270035878E /* VideoModel.swift */; };
		606677A9286E74810035878E /* PlaylistItemsModel.swift in Sources */ = {isa = PBXBuildFile; fileRef = 606677A7286E74810035878E /* PlaylistItemsModel.swift */; };
		606677AA286E74810035878E /* ChannelModel.swift in Sources */ = {isa = PBXBuildFile; fileRef = 606677A8286E74810035878E /* ChannelModel.swift */; };
		606677AD286E75480035878E /* RootPageViewController.swift in Sources */ = {isa = PBXBuildFile; fileRef = 606677AC286E75480035878E /* RootPageViewController.swift */; };
		606677AF286E755D0035878E /* MainViewController.swift in Sources */ = {isa = PBXBuildFile; fileRef = 606677AE286E755D0035878E /* MainViewController.swift */; };
		606677B7286E76B60035878E /* HomeViewController.swift in Sources */ = {isa = PBXBuildFile; fileRef = 606677B5286E76B60035878E /* HomeViewController.swift */; };
		606677B8286E76B60035878E /* HomeViewController.xib in Resources */ = {isa = PBXBuildFile; fileRef = 606677B6286E76B60035878E /* HomeViewController.xib */; };
		606677BB286E76CC0035878E /* VideosViewController.swift in Sources */ = {isa = PBXBuildFile; fileRef = 606677B9286E76CC0035878E /* VideosViewController.swift */; };
		606677BC286E76CC0035878E /* VideosViewController.xib in Resources */ = {isa = PBXBuildFile; fileRef = 606677BA286E76CC0035878E /* VideosViewController.xib */; };
		606677BF286E76D80035878E /* PlaylistsViewController.swift in Sources */ = {isa = PBXBuildFile; fileRef = 606677BD286E76D80035878E /* PlaylistsViewController.swift */; };
		606677C0286E76D80035878E /* PlaylistsViewController.xib in Resources */ = {isa = PBXBuildFile; fileRef = 606677BE286E76D80035878E /* PlaylistsViewController.xib */; };
		606677C3286E76E60035878E /* ChannelViewController.swift in Sources */ = {isa = PBXBuildFile; fileRef = 606677C1286E76E60035878E /* ChannelViewController.swift */; };
		606677C4286E76E60035878E /* ChannelViewController.xib in Resources */ = {isa = PBXBuildFile; fileRef = 606677C2286E76E60035878E /* ChannelViewController.xib */; };
		606677C7286E76EF0035878E /* AboutViewController.swift in Sources */ = {isa = PBXBuildFile; fileRef = 606677C5286E76EF0035878E /* AboutViewController.swift */; };
		606677C8286E76EF0035878E /* AboutViewController.xib in Resources */ = {isa = PBXBuildFile; fileRef = 606677C6286E76EF0035878E /* AboutViewController.xib */; };
/* End PBXBuildFile section */

/* Begin PBXFileReference section */
		6066778B286E5A700035878E /* Youtube.app */ = {isa = PBXFileReference; explicitFileType = wrapper.application; includeInIndex = 0; path = Youtube.app; sourceTree = BUILT_PRODUCTS_DIR; };
		6066778E286E5A700035878E /* AppDelegate.swift */ = {isa = PBXFileReference; lastKnownFileType = sourcecode.swift; path = AppDelegate.swift; sourceTree = "<group>"; };
		60667790286E5A700035878E /* SceneDelegate.swift */ = {isa = PBXFileReference; lastKnownFileType = sourcecode.swift; path = SceneDelegate.swift; sourceTree = "<group>"; };
		60667792286E5A700035878E /* ViewController.swift */ = {isa = PBXFileReference; lastKnownFileType = sourcecode.swift; path = ViewController.swift; sourceTree = "<group>"; };
		60667795286E5A700035878E /* Base */ = {isa = PBXFileReference; lastKnownFileType = file.storyboard; name = Base; path = Base.lproj/Main.storyboard; sourceTree = "<group>"; };
		60667797286E5A710035878E /* Assets.xcassets */ = {isa = PBXFileReference; lastKnownFileType = folder.assetcatalog; path = Assets.xcassets; sourceTree = "<group>"; };
		6066779A286E5A710035878E /* Base */ = {isa = PBXFileReference; lastKnownFileType = file.storyboard; name = Base; path = Base.lproj/LaunchScreen.storyboard; sourceTree = "<group>"; };
		6066779C286E5A710035878E /* Info.plist */ = {isa = PBXFileReference; lastKnownFileType = text.plist.xml; path = Info.plist; sourceTree = "<group>"; };
		606677A3286E6AC20035878E /* PlaylistModel.swift */ = {isa = PBXFileReference; lastKnownFileType = sourcecode.swift; path = PlaylistModel.swift; sourceTree = "<group>"; };
		606677A5286E6F270035878E /* VideoModel.swift */ = {isa = PBXFileReference; lastKnownFileType = sourcecode.swift; path = VideoModel.swift; sourceTree = "<group>"; };
		606677A7286E74810035878E /* PlaylistItemsModel.swift */ = {isa = PBXFileReference; fileEncoding = 4; lastKnownFileType = sourcecode.swift; path = PlaylistItemsModel.swift; sourceTree = "<group>"; };
		606677A8286E74810035878E /* ChannelModel.swift */ = {isa = PBXFileReference; fileEncoding = 4; lastKnownFileType = sourcecode.swift; path = ChannelModel.swift; sourceTree = "<group>"; };
		606677AC286E75480035878E /* RootPageViewController.swift */ = {isa = PBXFileReference; lastKnownFileType = sourcecode.swift; path = RootPageViewController.swift; sourceTree = "<group>"; };
		606677AE286E755D0035878E /* MainViewController.swift */ = {isa = PBXFileReference; lastKnownFileType = sourcecode.swift; path = MainViewController.swift; sourceTree = "<group>"; };
		606677B5286E76B60035878E /* HomeViewController.swift */ = {isa = PBXFileReference; lastKnownFileType = sourcecode.swift; path = HomeViewController.swift; sourceTree = "<group>"; };
		606677B6286E76B60035878E /* HomeViewController.xib */ = {isa = PBXFileReference; lastKnownFileType = file.xib; path = HomeViewController.xib; sourceTree = "<group>"; };
		606677B9286E76CC0035878E /* VideosViewController.swift */ = {isa = PBXFileReference; lastKnownFileType = sourcecode.swift; path = VideosViewController.swift; sourceTree = "<group>"; };
		606677BA286E76CC0035878E /* VideosViewController.xib */ = {isa = PBXFileReference; lastKnownFileType = file.xib; path = VideosViewController.xib; sourceTree = "<group>"; };
		606677BD286E76D80035878E /* PlaylistsViewController.swift */ = {isa = PBXFileReference; lastKnownFileType = sourcecode.swift; path = PlaylistsViewController.swift; sourceTree = "<group>"; };
		606677BE286E76D80035878E /* PlaylistsViewController.xib */ = {isa = PBXFileReference; lastKnownFileType = file.xib; path = PlaylistsViewController.xib; sourceTree = "<group>"; };
		606677C1286E76E60035878E /* ChannelViewController.swift */ = {isa = PBXFileReference; lastKnownFileType = sourcecode.swift; path = ChannelViewController.swift; sourceTree = "<group>"; };
		606677C2286E76E60035878E /* ChannelViewController.xib */ = {isa = PBXFileReference; lastKnownFileType = file.xib; path = ChannelViewController.xib; sourceTree = "<group>"; };
		606677C5286E76EF0035878E /* AboutViewController.swift */ = {isa = PBXFileReference; lastKnownFileType = sourcecode.swift; path = AboutViewController.swift; sourceTree = "<group>"; };
		606677C6286E76EF0035878E /* AboutViewController.xib */ = {isa = PBXFileReference; lastKnownFileType = file.xib; path = AboutViewController.xib; sourceTree = "<group>"; };
/* End PBXFileReference section */

/* Begin PBXFrameworksBuildPhase section */
		60667788286E5A700035878E /* Frameworks */ = {
			isa = PBXFrameworksBuildPhase;
			buildActionMask = 2147483647;
			files = (
			);
			runOnlyForDeploymentPostprocessing = 0;
		};
/* End PBXFrameworksBuildPhase section */

/* Begin PBXGroup section */
		60667782286E5A700035878E = {
			isa = PBXGroup;
			children = (
				6066778D286E5A700035878E /* Youtube */,
				6066778C286E5A700035878E /* Products */,
			);
			sourceTree = "<group>";
		};
		6066778C286E5A700035878E /* Products */ = {
			isa = PBXGroup;
			children = (
				6066778B286E5A700035878E /* Youtube.app */,
			);
			name = Products;
			sourceTree = "<group>";
		};
		6066778D286E5A700035878E /* Youtube */ = {
			isa = PBXGroup;
			children = (
				606677B4286E76980035878E /* About */,
				606677B3286E76900035878E /* Channels */,
				606677B2286E76870035878E /* Playlists */,
				606677B1286E767F0035878E /* Videos */,
				606677B0286E766D0035878E /* Home */,
				606677AB286E75120035878E /* Main */,
				606677A2286E6AA20035878E /* Model */,
				6066778E286E5A700035878E /* AppDelegate.swift */,
				60667790286E5A700035878E /* SceneDelegate.swift */,
				60667792286E5A700035878E /* ViewController.swift */,
				60667794286E5A700035878E /* Main.storyboard */,
				60667797286E5A710035878E /* Assets.xcassets */,
				60667799286E5A710035878E /* LaunchScreen.storyboard */,
				6066779C286E5A710035878E /* Info.plist */,
			);
			path = Youtube;
			sourceTree = "<group>";
		};
		606677A2286E6AA20035878E /* Model */ = {
			isa = PBXGroup;
			children = (
				606677A8286E74810035878E /* ChannelModel.swift */,
				606677A7286E74810035878E /* PlaylistItemsModel.swift */,
				606677A3286E6AC20035878E /* PlaylistModel.swift */,
				606677A5286E6F270035878E /* VideoModel.swift */,
			);
			path = Model;
			sourceTree = "<group>";
		};
		606677AB286E75120035878E /* Main */ = {
			isa = PBXGroup;
			children = (
				606677AC286E75480035878E /* RootPageViewController.swift */,
				606677AE286E755D0035878E /* MainViewController.swift */,
			);
			path = Main;
			sourceTree = "<group>";
		};
		606677B0286E766D0035878E /* Home */ = {
			isa = PBXGroup;
			children = (
				606677B5286E76B60035878E /* HomeViewController.swift */,
				606677B6286E76B60035878E /* HomeViewController.xib */,
			);
			path = Home;
			sourceTree = "<group>";
		};
		606677B1286E767F0035878E /* Videos */ = {
			isa = PBXGroup;
			children = (
				606677B9286E76CC0035878E /* VideosViewController.swift */,
				606677BA286E76CC0035878E /* VideosViewController.xib */,
			);
			path = Videos;
			sourceTree = "<group>";
		};
		606677B2286E76870035878E /* Playlists */ = {
			isa = PBXGroup;
			children = (
				606677BD286E76D80035878E /* PlaylistsViewController.swift */,
				606677BE286E76D80035878E /* PlaylistsViewController.xib */,
			);
			path = Playlists;
			sourceTree = "<group>";
		};
		606677B3286E76900035878E /* Channels */ = {
			isa = PBXGroup;
			children = (
				606677C1286E76E60035878E /* ChannelViewController.swift */,
				606677C2286E76E60035878E /* ChannelViewController.xib */,
			);
			path = Channels;
			sourceTree = "<group>";
		};
		606677B4286E76980035878E /* About */ = {
			isa = PBXGroup;
			children = (
				606677C5286E76EF0035878E /* AboutViewController.swift */,
				606677C6286E76EF0035878E /* AboutViewController.xib */,
			);
			path = About;
			sourceTree = "<group>";
		};
/* End PBXGroup section */

/* Begin PBXNativeTarget section */
		6066778A286E5A700035878E /* Youtube */ = {
			isa = PBXNativeTarget;
			buildConfigurationList = 6066779F286E5A710035878E /* Build configuration list for PBXNativeTarget "Youtube" */;
			buildPhases = (
				60667787286E5A700035878E /* Sources */,
				60667788286E5A700035878E /* Frameworks */,
				60667789286E5A700035878E /* Resources */,
			);
			buildRules = (
			);
			dependencies = (
			);
			name = Youtube;
			productName = Youtube;
			productReference = 6066778B286E5A700035878E /* Youtube.app */;
			productType = "com.apple.product-type.application";
		};
/* End PBXNativeTarget section */

/* Begin PBXProject section */
		60667783286E5A700035878E /* Project object */ = {
			isa = PBXProject;
			attributes = {
				BuildIndependentTargetsInParallel = 1;
				LastSwiftUpdateCheck = 1340;
				LastUpgradeCheck = 1340;
				TargetAttributes = {
					6066778A286E5A700035878E = {
						CreatedOnToolsVersion = 13.4.1;
					};
				};
			};
			buildConfigurationList = 60667786286E5A700035878E /* Build configuration list for PBXProject "Youtube" */;
			compatibilityVersion = "Xcode 13.0";
			developmentRegion = en;
			hasScannedForEncodings = 0;
			knownRegions = (
				en,
				Base,
			);
			mainGroup = 60667782286E5A700035878E;
			productRefGroup = 6066778C286E5A700035878E /* Products */;
			projectDirPath = "";
			projectRoot = "";
			targets = (
				6066778A286E5A700035878E /* Youtube */,
			);
		};
/* End PBXProject section */

/* Begin PBXResourcesBuildPhase section */
		60667789286E5A700035878E /* Resources */ = {
			isa = PBXResourcesBuildPhase;
			buildActionMask = 2147483647;
			files = (
				606677C0286E76D80035878E /* PlaylistsViewController.xib in Resources */,
				6066779B286E5A710035878E /* LaunchScreen.storyboard in Resources */,
				606677C8286E76EF0035878E /* AboutViewController.xib in Resources */,
				60667798286E5A710035878E /* Assets.xcassets in Resources */,
				606677BC286E76CC0035878E /* VideosViewController.xib in Resources */,
				60667796286E5A700035878E /* Main.storyboard in Resources */,
				606677B8286E76B60035878E /* HomeViewController.xib in Resources */,
				606677C4286E76E60035878E /* ChannelViewController.xib in Resources */,
			);
			runOnlyForDeploymentPostprocessing = 0;
		};
/* End PBXResourcesBuildPhase section */

/* Begin PBXSourcesBuildPhase section */
		60667787286E5A700035878E /* Sources */ = {
			isa = PBXSourcesBuildPhase;
			buildActionMask = 2147483647;
			files = (
				606677A9286E74810035878E /* PlaylistItemsModel.swift in Sources */,
				60667793286E5A700035878E /* ViewController.swift in Sources */,
				606677BB286E76CC0035878E /* VideosViewController.swift in Sources */,
				606677A4286E6AC20035878E /* PlaylistModel.swift in Sources */,
				606677BF286E76D80035878E /* PlaylistsViewController.swift in Sources */,
				606677C3286E76E60035878E /* ChannelViewController.swift in Sources */,
				6066778F286E5A700035878E /* AppDelegate.swift in Sources */,
				606677A6286E6F270035878E /* VideoModel.swift in Sources */,
				606677B7286E76B60035878E /* HomeViewController.swift in Sources */,
				60667791286E5A700035878E /* SceneDelegate.swift in Sources */,
				606677C7286E76EF0035878E /* AboutViewController.swift in Sources */,
				606677AF286E755D0035878E /* MainViewController.swift in Sources */,
				606677AA286E74810035878E /* ChannelModel.swift in Sources */,
				606677AD286E75480035878E /* RootPageViewController.swift in Sources */,
			);
			runOnlyForDeploymentPostprocessing = 0;
		};
/* End PBXSourcesBuildPhase section */

/* Begin PBXVariantGroup section */
		60667794286E5A700035878E /* Main.storyboard */ = {
			isa = PBXVariantGroup;
			children = (
				60667795286E5A700035878E /* Base */,
			);
			name = Main.storyboard;
			sourceTree = "<group>";
		};
		60667799286E5A710035878E /* LaunchScreen.storyboard */ = {
			isa = PBXVariantGroup;
			children = (
				6066779A286E5A710035878E /* Base */,
			);
			name = LaunchScreen.storyboard;
			sourceTree = "<group>";
		};
/* End PBXVariantGroup section */

/* Begin XCBuildConfiguration section */
		6066779D286E5A710035878E /* Debug */ = {
			isa = XCBuildConfiguration;
			buildSettings = {
				ALWAYS_SEARCH_USER_PATHS = NO;
				CLANG_ANALYZER_NONNULL = YES;
				CLANG_ANALYZER_NUMBER_OBJECT_CONVERSION = YES_AGGRESSIVE;
				CLANG_CXX_LANGUAGE_STANDARD = "gnu++17";
				CLANG_ENABLE_MODULES = YES;
				CLANG_ENABLE_OBJC_ARC = YES;
				CLANG_ENABLE_OBJC_WEAK = YES;
				CLANG_WARN_BLOCK_CAPTURE_AUTORELEASING = YES;
				CLANG_WARN_BOOL_CONVERSION = YES;
				CLANG_WARN_COMMA = YES;
				CLANG_WARN_CONSTANT_CONVERSION = YES;
				CLANG_WARN_DEPRECATED_OBJC_IMPLEMENTATIONS = YES;
				CLANG_WARN_DIRECT_OBJC_ISA_USAGE = YES_ERROR;
				CLANG_WARN_DOCUMENTATION_COMMENTS = YES;
				CLANG_WARN_EMPTY_BODY = YES;
				CLANG_WARN_ENUM_CONVERSION = YES;
				CLANG_WARN_INFINITE_RECURSION = YES;
				CLANG_WARN_INT_CONVERSION = YES;
				CLANG_WARN_NON_LITERAL_NULL_CONVERSION = YES;
				CLANG_WARN_OBJC_IMPLICIT_RETAIN_SELF = YES;
				CLANG_WARN_OBJC_LITERAL_CONVERSION = YES;
				CLANG_WARN_OBJC_ROOT_CLASS = YES_ERROR;
				CLANG_WARN_QUOTED_INCLUDE_IN_FRAMEWORK_HEADER = YES;
				CLANG_WARN_RANGE_LOOP_ANALYSIS = YES;
				CLANG_WARN_STRICT_PROTOTYPES = YES;
				CLANG_WARN_SUSPICIOUS_MOVE = YES;
				CLANG_WARN_UNGUARDED_AVAILABILITY = YES_AGGRESSIVE;
				CLANG_WARN_UNREACHABLE_CODE = YES;
				CLANG_WARN__DUPLICATE_METHOD_MATCH = YES;
				COPY_PHASE_STRIP = NO;
				DEBUG_INFORMATION_FORMAT = dwarf;
				ENABLE_STRICT_OBJC_MSGSEND = YES;
				ENABLE_TESTABILITY = YES;
				GCC_C_LANGUAGE_STANDARD = gnu11;
				GCC_DYNAMIC_NO_PIC = NO;
				GCC_NO_COMMON_BLOCKS = YES;
				GCC_OPTIMIZATION_LEVEL = 0;
				GCC_PREPROCESSOR_DEFINITIONS = (
					"DEBUG=1",
					"$(inherited)",
				);
				GCC_WARN_64_TO_32_BIT_CONVERSION = YES;
				GCC_WARN_ABOUT_RETURN_TYPE = YES_ERROR;
				GCC_WARN_UNDECLARED_SELECTOR = YES;
				GCC_WARN_UNINITIALIZED_AUTOS = YES_AGGRESSIVE;
				GCC_WARN_UNUSED_FUNCTION = YES;
				GCC_WARN_UNUSED_VARIABLE = YES;
				IPHONEOS_DEPLOYMENT_TARGET = 15.5;
				MTL_ENABLE_DEBUG_INFO = INCLUDE_SOURCE;
				MTL_FAST_MATH = YES;
				ONLY_ACTIVE_ARCH = YES;
				SDKROOT = iphoneos;
				SWIFT_ACTIVE_COMPILATION_CONDITIONS = DEBUG;
				SWIFT_OPTIMIZATION_LEVEL = "-Onone";
			};
			name = Debug;
		};
		6066779E286E5A710035878E /* Release */ = {
			isa = XCBuildConfiguration;
			buildSettings = {
				ALWAYS_SEARCH_USER_PATHS = NO;
				CLANG_ANALYZER_NONNULL = YES;
				CLANG_ANALYZER_NUMBER_OBJECT_CONVERSION = YES_AGGRESSIVE;
				CLANG_CXX_LANGUAGE_STANDARD = "gnu++17";
				CLANG_ENABLE_MODULES = YES;
				CLANG_ENABLE_OBJC_ARC = YES;
				CLANG_ENABLE_OBJC_WEAK = YES;
				CLANG_WARN_BLOCK_CAPTURE_AUTORELEASING = YES;
				CLANG_WARN_BOOL_CONVERSION = YES;
				CLANG_WARN_COMMA = YES;
				CLANG_WARN_CONSTANT_CONVERSION = YES;
				CLANG_WARN_DEPRECATED_OBJC_IMPLEMENTATIONS = YES;
				CLANG_WARN_DIRECT_OBJC_ISA_USAGE = YES_ERROR;
				CLANG_WARN_DOCUMENTATION_COMMENTS = YES;
				CLANG_WARN_EMPTY_BODY = YES;
				CLANG_WARN_ENUM_CONVERSION = YES;
				CLANG_WARN_INFINITE_RECURSION = YES;
				CLANG_WARN_INT_CONVERSION = YES;
				CLANG_WARN_NON_LITERAL_NULL_CONVERSION = YES;
				CLANG_WARN_OBJC_IMPLICIT_RETAIN_SELF = YES;
				CLANG_WARN_OBJC_LITERAL_CONVERSION = YES;
				CLANG_WARN_OBJC_ROOT_CLASS = YES_ERROR;
				CLANG_WARN_QUOTED_INCLUDE_IN_FRAMEWORK_HEADER = YES;
				CLANG_WARN_RANGE_LOOP_ANALYSIS = YES;
				CLANG_WARN_STRICT_PROTOTYPES = YES;
				CLANG_WARN_SUSPICIOUS_MOVE = YES;
				CLANG_WARN_UNGUARDED_AVAILABILITY = YES_AGGRESSIVE;
				CLANG_WARN_UNREACHABLE_CODE = YES;
				CLANG_WARN__DUPLICATE_METHOD_MATCH = YES;
				COPY_PHASE_STRIP = NO;
				DEBUG_INFORMATION_FORMAT = "dwarf-with-dsym";
				ENABLE_NS_ASSERTIONS = NO;
				ENABLE_STRICT_OBJC_MSGSEND = YES;
				GCC_C_LANGUAGE_STANDARD = gnu11;
				GCC_NO_COMMON_BLOCKS = YES;
				GCC_WARN_64_TO_32_BIT_CONVERSION = YES;
				GCC_WARN_ABOUT_RETURN_TYPE = YES_ERROR;
				GCC_WARN_UNDECLARED_SELECTOR = YES;
				GCC_WARN_UNINITIALIZED_AUTOS = YES_AGGRESSIVE;
				GCC_WARN_UNUSED_FUNCTION = YES;
				GCC_WARN_UNUSED_VARIABLE = YES;
				IPHONEOS_DEPLOYMENT_TARGET = 15.5;
				MTL_ENABLE_DEBUG_INFO = NO;
				MTL_FAST_MATH = YES;
				SDKROOT = iphoneos;
				SWIFT_COMPILATION_MODE = wholemodule;
				SWIFT_OPTIMIZATION_LEVEL = "-O";
				VALIDATE_PRODUCT = YES;
			};
			name = Release;
		};
		606677A0286E5A710035878E /* Debug */ = {
			isa = XCBuildConfiguration;
			buildSettings = {
				ASSETCATALOG_COMPILER_APPICON_NAME = AppIcon;
				ASSETCATALOG_COMPILER_GLOBAL_ACCENT_COLOR_NAME = AccentColor;
				CODE_SIGN_STYLE = Automatic;
				CURRENT_PROJECT_VERSION = 1;
				DEVELOPMENT_TEAM = 7VL5533SK6;
				GENERATE_INFOPLIST_FILE = YES;
				INFOPLIST_FILE = Youtube/Info.plist;
				INFOPLIST_KEY_UIApplicationSupportsIndirectInputEvents = YES;
				INFOPLIST_KEY_UILaunchStoryboardName = LaunchScreen;
				INFOPLIST_KEY_UIMainStoryboardFile = Main;
				INFOPLIST_KEY_UISupportedInterfaceOrientations_iPad = "UIInterfaceOrientationPortrait UIInterfaceOrientationPortraitUpsideDown UIInterfaceOrientationLandscapeLeft UIInterfaceOrientationLandscapeRight";
				INFOPLIST_KEY_UISupportedInterfaceOrientations_iPhone = "UIInterfaceOrientationPortrait UIInterfaceOrientationLandscapeLeft UIInterfaceOrientationLandscapeRight";
				LD_RUNPATH_SEARCH_PATHS = (
					"$(inherited)",
					"@executable_path/Frameworks",
				);
				MARKETING_VERSION = 1.0;
				PRODUCT_BUNDLE_IDENTIFIER = net.garagecoders.Youtube;
				PRODUCT_NAME = "$(TARGET_NAME)";
				SWIFT_EMIT_LOC_STRINGS = YES;
				SWIFT_VERSION = 5.0;
				TARGETED_DEVICE_FAMILY = "1,2";
			};
			name = Debug;
		};
		606677A1286E5A710035878E /* Release */ = {
			isa = XCBuildConfiguration;
			buildSettings = {
				ASSETCATALOG_COMPILER_APPICON_NAME = AppIcon;
				ASSETCATALOG_COMPILER_GLOBAL_ACCENT_COLOR_NAME = AccentColor;
				CODE_SIGN_STYLE = Automatic;
				CURRENT_PROJECT_VERSION = 1;
				DEVELOPMENT_TEAM = 7VL5533SK6;
				GENERATE_INFOPLIST_FILE = YES;
				INFOPLIST_FILE = Youtube/Info.plist;
				INFOPLIST_KEY_UIApplicationSupportsIndirectInputEvents = YES;
				INFOPLIST_KEY_UILaunchStoryboardName = LaunchScreen;
				INFOPLIST_KEY_UIMainStoryboardFile = Main;
				INFOPLIST_KEY_UISupportedInterfaceOrientations_iPad = "UIInterfaceOrientationPortrait UIInterfaceOrientationPortraitUpsideDown UIInterfaceOrientationLandscapeLeft UIInterfaceOrientationLandscapeRight";
				INFOPLIST_KEY_UISupportedInterfaceOrientations_iPhone = "UIInterfaceOrientationPortrait UIInterfaceOrientationLandscapeLeft UIInterfaceOrientationLandscapeRight";
				LD_RUNPATH_SEARCH_PATHS = (
					"$(inherited)",
					"@executable_path/Frameworks",
				);
				MARKETING_VERSION = 1.0;
				PRODUCT_BUNDLE_IDENTIFIER = net.garagecoders.Youtube;
				PRODUCT_NAME = "$(TARGET_NAME)";
				SWIFT_EMIT_LOC_STRINGS = YES;
				SWIFT_VERSION = 5.0;
				TARGETED_DEVICE_FAMILY = "1,2";
			};
			name = Release;
		};
/* End XCBuildConfiguration section */

/* Begin XCConfigurationList section */
		60667786286E5A700035878E /* Build configuration list for PBXProject "Youtube" */ = {
			isa = XCConfigurationList;
			buildConfigurations = (
				6066779D286E5A710035878E /* Debug */,
				6066779E286E5A710035878E /* Release */,
			);
			defaultConfigurationIsVisible = 0;
			defaultConfigurationName = Release;
		};
		6066779F286E5A710035878E /* Build configuration list for PBXNativeTarget "Youtube" */ = {
			isa = XCConfigurationList;
			buildConfigurations = (
				606677A0286E5A710035878E /* Debug */,
				606677A1286E5A710035878E /* Release */,
			);
			defaultConfigurationIsVisible = 0;
			defaultConfigurationName = Release;
		};
/* End XCConfigurationList section */
	};
	rootObject = 60667783286E5A700035878E /* Project object */;
}
